
Microsoft Visual Studio Solution File, Format Version 12.00
# Visual Studio Version 16
VisualStudioVersion = 16.0.29728.190
MinimumVisualStudioVersion = 10.0.40219.1
Project("{FAE04EC0-301F-11D3-BF4B-00C04F79EFBC}") = "Transact.Test", "Transact.Test\Transact.Test.csproj", "{F209DAF9-3E2E-448C-BC18-32A5F2F1C312}"
EndProject
Global
	GlobalSection(SolutionConfigurationPlatforms) = preSolution
		Debug|Any CPU = Debug|Any CPU
		Release|Any CPU = Release|Any CPU
	EndGlobalSection
	GlobalSection(ProjectConfigurationPlatforms) = postSolution
		{F209DAF9-3E2E-448C-BC18-32A5F2F1C312}.Debug|Any CPU.ActiveCfg = Debug|Any CPU
		{F209DAF9-3E2E-448C-BC18-32A5F2F1C312}.Debug|Any CPU.Build.0 = Debug|Any CPU
		{F209DAF9-3E2E-448C-BC18-32A5F2F1C312}.Release|Any CPU.ActiveCfg = Release|Any CPU
		{F209DAF9-3E2E-448C-BC18-32A5F2F1C312}.Release|Any CPU.Build.0 = Release|Any CPU
	EndGlobalSection
	GlobalSection(SolutionProperties) = preSolution
		HideSolutionNode = FALSE
	EndGlobalSection
	GlobalSection(ExtensibilityGlobals) = postSolution
		SolutionGuid = {254853D8-7BA0-4922-9B07-39653DBC7F4A}
	EndGlobalSection
EndGlobal
